// !$*UTF8*$!
{
	archiveVersion = 1;
	classes = {
	};
	objectVersion = 46;
	objects = {

/* Begin PBXBuildFile section */
		B35884691E94C60F00458EC9 /* main.m in Sources */ = {isa = PBXBuildFile; fileRef = B35884681E94C60F00458EC9 /* main.m */; };
		B358846C1E94C60F00458EC9 /* AppDelegate.m in Sources */ = {isa = PBXBuildFile; fileRef = B358846B1E94C60F00458EC9 /* AppDelegate.m */; };
		B358846F1E94C60F00458EC9 /* ViewController.m in Sources */ = {isa = PBXBuildFile; fileRef = B358846E1E94C60F00458EC9 /* ViewController.m */; };
		B35884721E94C60F00458EC9 /* Main.storyboard in Resources */ = {isa = PBXBuildFile; fileRef = B35884701E94C60F00458EC9 /* Main.storyboard */; };
		B35884741E94C60F00458EC9 /* Assets.xcassets in Resources */ = {isa = PBXBuildFile; fileRef = B35884731E94C60F00458EC9 /* Assets.xcassets */; };
		B35884771E94C60F00458EC9 /* LaunchScreen.storyboard in Resources */ = {isa = PBXBuildFile; fileRef = B35884751E94C60F00458EC9 /* LaunchScreen.storyboard */; };
		B35884821E94C60F00458EC9 /* Trademark_TansportTests.m in Sources */ = {isa = PBXBuildFile; fileRef = B35884811E94C60F00458EC9 /* Trademark_TansportTests.m */; };
		B358848D1E94C60F00458EC9 /* Trademark_TansportUITests.m in Sources */ = {isa = PBXBuildFile; fileRef = B358848C1E94C60F00458EC9 /* Trademark_TansportUITests.m */; };
		B35884A21E94CEA100458EC9 /* MFSideMenuContainerViewController.m in Sources */ = {isa = PBXBuildFile; fileRef = B358849D1E94CEA100458EC9 /* MFSideMenuContainerViewController.m */; };
		B35884A31E94CEA100458EC9 /* MFSideMenuShadow.m in Sources */ = {isa = PBXBuildFile; fileRef = B358849F1E94CEA100458EC9 /* MFSideMenuShadow.m */; };
		B35884A41E94CEA100458EC9 /* UIViewController+MFSideMenuAdditions.m in Sources */ = {isa = PBXBuildFile; fileRef = B35884A11E94CEA100458EC9 /* UIViewController+MFSideMenuAdditions.m */; };
		B35884A91E94CEB800458EC9 /* DemoViewController.m in Sources */ = {isa = PBXBuildFile; fileRef = B35884A61E94CEB800458EC9 /* DemoViewController.m */; };
		B35884AA1E94CEB800458EC9 /* SideMenuViewController.m in Sources */ = {isa = PBXBuildFile; fileRef = B35884A81E94CEB800458EC9 /* SideMenuViewController.m */; };
		B35884AD1E94CF1300458EC9 /* UIKit.framework in Frameworks */ = {isa = PBXBuildFile; fileRef = B35884AC1E94CF1300458EC9 /* UIKit.framework */; };
		B35884AF1E94CF1D00458EC9 /* Foundation.framework in Frameworks */ = {isa = PBXBuildFile; fileRef = B35884AE1E94CF1D00458EC9 /* Foundation.framework */; };
		B35884B11E94CF2400458EC9 /* CoreGraphics.framework in Frameworks */ = {isa = PBXBuildFile; fileRef = B35884B01E94CF2400458EC9 /* CoreGraphics.framework */; };
		B35884B61E94E30500458EC9 /* LoginViewController.m in Sources */ = {isa = PBXBuildFile; fileRef = B35884B51E94E30500458EC9 /* LoginViewController.m */; };
		B35884BF1E94EEDB00458EC9 /* LoginFormViewController.m in Sources */ = {isa = PBXBuildFile; fileRef = B35884BE1E94EEDB00458EC9 /* LoginFormViewController.m */; };
		B35884C51E94F02000458EC9 /* avatar-inside-a-circle.png in Resources */ = {isa = PBXBuildFile; fileRef = B35884C21E94F02000458EC9 /* avatar-inside-a-circle.png */; };
		B35884C61E94F02000458EC9 /* bars.png in Resources */ = {isa = PBXBuildFile; fileRef = B35884C31E94F02000458EC9 /* bars.png */; };
		B35884C71E94F02000458EC9 /* truck.jpg in Resources */ = {isa = PBXBuildFile; fileRef = B35884C41E94F02000458EC9 /* truck.jpg */; };
		B35884C91E94F09600458EC9 /* search.png in Resources */ = {isa = PBXBuildFile; fileRef = B35884C81E94F09600458EC9 /* search.png */; };
		B35884CC1E94F4BC00458EC9 /* LoginFormTableViewCell.m in Sources */ = {isa = PBXBuildFile; fileRef = B35884CB1E94F4BC00458EC9 /* LoginFormTableViewCell.m */; };
		B35884CE1E9504BD00458EC9 /* check-circular-button.png in Resources */ = {isa = PBXBuildFile; fileRef = B35884CD1E9504BD00458EC9 /* check-circular-button.png */; };
		B399192A1E9609D30030AC40 /* VehicleInspectionTableViewCell.m in Sources */ = {isa = PBXBuildFile; fileRef = B39919291E9609D30030AC40 /* VehicleInspectionTableViewCell.m */; };
		B399192F1E963E250030AC40 /* bad.png in Resources */ = {isa = PBXBuildFile; fileRef = B399192B1E963E250030AC40 /* bad.png */; };
		B39919301E963E250030AC40 /* disable.png in Resources */ = {isa = PBXBuildFile; fileRef = B399192C1E963E250030AC40 /* disable.png */; };
		B39919321E963E250030AC40 /* low.png in Resources */ = {isa = PBXBuildFile; fileRef = B399192E1E963E250030AC40 /* low.png */; };
		B39919361E9642A10030AC40 /* OperationViewController.m in Sources */ = {isa = PBXBuildFile; fileRef = B39919351E9642A10030AC40 /* OperationViewController.m */; };
		B39919381E9645700030AC40 /* good.png in Resources */ = {isa = PBXBuildFile; fileRef = B39919371E9645700030AC40 /* good.png */; };
		B399193B1E9646A40030AC40 /* MenuRowTableViewCell.m in Sources */ = {isa = PBXBuildFile; fileRef = B399193A1E9646A40030AC40 /* MenuRowTableViewCell.m */; };
		B3AC69371E9775E00091E68C /* HistoryViewController.m in Sources */ = {isa = PBXBuildFile; fileRef = B3AC69361E9775E00091E68C /* HistoryViewController.m */; };
		B3AC693B1E9793000091E68C /* reload.png in Resources */ = {isa = PBXBuildFile; fileRef = B3AC693A1E9793000091E68C /* reload.png */; };
		B3AC693E1E9794520091E68C /* HistoryTableViewCell.m in Sources */ = {isa = PBXBuildFile; fileRef = B3AC693D1E9794520091E68C /* HistoryTableViewCell.m */; };
		B3AC694E1E97B0780091E68C /* Roboto-Black.ttf in Resources */ = {isa = PBXBuildFile; fileRef = B3AC69491E97B0780091E68C /* Roboto-Black.ttf */; };
		B3AC694F1E97B0780091E68C /* Roboto-Light.ttf in Resources */ = {isa = PBXBuildFile; fileRef = B3AC694A1E97B0780091E68C /* Roboto-Light.ttf */; };
		B3AC69501E97B0780091E68C /* Roboto-Medium.ttf in Resources */ = {isa = PBXBuildFile; fileRef = B3AC694B1E97B0780091E68C /* Roboto-Medium.ttf */; };
		B3AC69511E97B0780091E68C /* Roboto-Regular.ttf in Resources */ = {isa = PBXBuildFile; fileRef = B3AC694C1E97B0780091E68C /* Roboto-Regular.ttf */; };
		B3AC69521E97B0780091E68C /* Roboto-Thin.ttf in Resources */ = {isa = PBXBuildFile; fileRef = B3AC694D1E97B0780091E68C /* Roboto-Thin.ttf */; };
		B3DB5B591E95F0ED00D476F6 /* Header.m in Sources */ = {isa = PBXBuildFile; fileRef = B3DB5B581E95F0ED00D476F6 /* Header.m */; };
		B3DB5B5D1E95F14400D476F6 /* VehicleInspectionViewController.m in Sources */ = {isa = PBXBuildFile; fileRef = B3DB5B5C1E95F14400D476F6 /* VehicleInspectionViewController.m */; };
		B3DFCD2D1E9F335000A86BB3 /* AddPhoto.png in Resources */ = {isa = PBXBuildFile; fileRef = B3DFCD241E9F335000A86BB3 /* AddPhoto.png */; };
		B3DFCD2E1E9F335000A86BB3 /* CurrentDrive-Active.png in Resources */ = {isa = PBXBuildFile; fileRef = B3DFCD251E9F335000A86BB3 /* CurrentDrive-Active.png */; };
		B3DFCD2F1E9F335000A86BB3 /* CurrentDrive.png in Resources */ = {isa = PBXBuildFile; fileRef = B3DFCD261E9F335000A86BB3 /* CurrentDrive.png */; };
		B3DFCD301E9F335000A86BB3 /* InProcess-Active.png in Resources */ = {isa = PBXBuildFile; fileRef = B3DFCD271E9F335000A86BB3 /* InProcess-Active.png */; };
		B3DFCD311E9F335000A86BB3 /* InProcess.png in Resources */ = {isa = PBXBuildFile; fileRef = B3DFCD281E9F335000A86BB3 /* InProcess.png */; };
		B3DFCD321E9F335000A86BB3 /* NewRequest-Active.png in Resources */ = {isa = PBXBuildFile; fileRef = B3DFCD291E9F335000A86BB3 /* NewRequest-Active.png */; };
		B3DFCD331E9F335000A86BB3 /* NewRequest.png in Resources */ = {isa = PBXBuildFile; fileRef = B3DFCD2A1E9F335000A86BB3 /* NewRequest.png */; };
		B3DFCD341E9F335000A86BB3 /* NoNewRequstGrpahic.png in Resources */ = {isa = PBXBuildFile; fileRef = B3DFCD2B1E9F335000A86BB3 /* NoNewRequstGrpahic.png */; };
		B3DFCD351E9F335000A86BB3 /* TaskInProcess.png in Resources */ = {isa = PBXBuildFile; fileRef = B3DFCD2C1E9F335000A86BB3 /* TaskInProcess.png */; };
		B3DFCD3C1E9F385300A86BB3 /* NewRequestListViewController.m in Sources */ = {isa = PBXBuildFile; fileRef = B3DFCD3B1E9F385300A86BB3 /* NewRequestListViewController.m */; };
		B3DFCD401E9F386B00A86BB3 /* NewRequestTableViewCell.m in Sources */ = {isa = PBXBuildFile; fileRef = B3DFCD3F1E9F386B00A86BB3 /* NewRequestTableViewCell.m */; };
		B3DFCD431E9F3CEC00A86BB3 /* InProcessTableViewCell.m in Sources */ = {isa = PBXBuildFile; fileRef = B3DFCD421E9F3CEC00A86BB3 /* InProcessTableViewCell.m */; };
		B3DFCD461E9F3D0A00A86BB3 /* InProcessViewController.m in Sources */ = {isa = PBXBuildFile; fileRef = B3DFCD451E9F3D0A00A86BB3 /* InProcessViewController.m */; };
		B3DFCD491E9F3D3200A86BB3 /* CurrentDriveViewController.m in Sources */ = {isa = PBXBuildFile; fileRef = B3DFCD481E9F3D3200A86BB3 /* CurrentDriveViewController.m */; };
		B3DFCD4B1E9F4E4400A86BB3 /* Roboto-Bold.ttf in Resources */ = {isa = PBXBuildFile; fileRef = B3DFCD4A1E9F4E4400A86BB3 /* Roboto-Bold.ttf */; };
		B3DFCD4D1E9F4F6100A86BB3 /* MapKit.framework in Frameworks */ = {isa = PBXBuildFile; fileRef = B3DFCD4C1E9F4F6100A86BB3 /* MapKit.framework */; };
		B3E9F94E1E9C961500973F14 /* InboxTableViewCell.m in Sources */ = {isa = PBXBuildFile; fileRef = B3E9F94D1E9C961500973F14 /* InboxTableViewCell.m */; };
		B3E9F9511E9C962200973F14 /* InboxViewController.m in Sources */ = {isa = PBXBuildFile; fileRef = B3E9F9501E9C962200973F14 /* InboxViewController.m */; };
		B3E9F95D1E9C97CF00973F14 /* CreateMessage.png in Resources */ = {isa = PBXBuildFile; fileRef = B3E9F9531E9C97CF00973F14 /* CreateMessage.png */; };
		B3E9F95E1E9C97CF00973F14 /* Delete.png in Resources */ = {isa = PBXBuildFile; fileRef = B3E9F9541E9C97CF00973F14 /* Delete.png */; };
		B3E9F95F1E9C97CF00973F14 /* Favourite-Active.png in Resources */ = {isa = PBXBuildFile; fileRef = B3E9F9551E9C97CF00973F14 /* Favourite-Active.png */; };
		B3E9F9601E9C97CF00973F14 /* Favourite.png in Resources */ = {isa = PBXBuildFile; fileRef = B3E9F9561E9C97CF00973F14 /* Favourite.png */; };
		B3E9F9611E9C97CF00973F14 /* FavTab-Active.png in Resources */ = {isa = PBXBuildFile; fileRef = B3E9F9571E9C97CF00973F14 /* FavTab-Active.png */; };
		B3E9F9621E9C97CF00973F14 /* FavTab.png in Resources */ = {isa = PBXBuildFile; fileRef = B3E9F9581E9C97CF00973F14 /* FavTab.png */; };
		B3E9F9631E9C97CF00973F14 /* InboxTab-Active.png in Resources */ = {isa = PBXBuildFile; fileRef = B3E9F9591E9C97CF00973F14 /* InboxTab-Active.png */; };
		B3E9F9641E9C97CF00973F14 /* InboxTab.png in Resources */ = {isa = PBXBuildFile; fileRef = B3E9F95A1E9C97CF00973F14 /* InboxTab.png */; };
		B3E9F9651E9C97CF00973F14 /* TrashTab-Active.png in Resources */ = {isa = PBXBuildFile; fileRef = B3E9F95B1E9C97CF00973F14 /* TrashTab-Active.png */; };
		B3E9F9661E9C97CF00973F14 /* TrashTab.png in Resources */ = {isa = PBXBuildFile; fileRef = B3E9F95C1E9C97CF00973F14 /* TrashTab.png */; };
		B3E9F9681E9C9E3700973F14 /* SearchIcon.png in Resources */ = {isa = PBXBuildFile; fileRef = B3E9F9671E9C9E3700973F14 /* SearchIcon.png */; };
		B3E9F96A1E9C9EE300973F14 /* magnifying-glass.png in Resources */ = {isa = PBXBuildFile; fileRef = B3E9F9691E9C9EE300973F14 /* magnifying-glass.png */; };
		B3E9F96C1E9C9F0900973F14 /* search (1).png in Resources */ = {isa = PBXBuildFile; fileRef = B3E9F96B1E9C9F0900973F14 /* search (1).png */; };
		B3E9F96E1E9CA3C700973F14 /* Roboto-Italic.ttf in Resources */ = {isa = PBXBuildFile; fileRef = B3E9F96D1E9CA3C700973F14 /* Roboto-Italic.ttf */; };
		B3E9F9731E9CB36D00973F14 /* refresh.png in Resources */ = {isa = PBXBuildFile; fileRef = B3E9F9721E9CB36D00973F14 /* refresh.png */; };
		B3E9F9751E9CB50700973F14 /* fav_icon.png in Resources */ = {isa = PBXBuildFile; fileRef = B3E9F9741E9CB50700973F14 /* fav_icon.png */; };
		B3F01BBD1E9B450C00E70830 /* MyTruckViewController.m in Sources */ = {isa = PBXBuildFile; fileRef = B3F01BBC1E9B450C00E70830 /* MyTruckViewController.m */; };
		B3F01BBF1E9B599000E70830 /* meter-car-speed.jpg in Resources */ = {isa = PBXBuildFile; fileRef = B3F01BBE1E9B599000E70830 /* meter-car-speed.jpg */; };
		B3F01BC21E9B5ADC00E70830 /* Camera.png in Resources */ = {isa = PBXBuildFile; fileRef = B3F01BC11E9B5ADC00E70830 /* Camera.png */; };
		B3F01BC41E9B617000E70830 /* Login-Backgrd.jpg in Resources */ = {isa = PBXBuildFile; fileRef = B3F01BC31E9B617000E70830 /* Login-Backgrd.jpg */; };
		B3F01BC81E9BA04200E70830 /* MyProfileViewController.m in Sources */ = {isa = PBXBuildFile; fileRef = B3F01BC71E9BA04200E70830 /* MyProfileViewController.m */; };
		B3F01BCB1E9BA1E300E70830 /* MyProfileTableViewCell.m in Sources */ = {isa = PBXBuildFile; fileRef = B3F01BCA1E9BA1E300E70830 /* MyProfileTableViewCell.m */; };
		B3F01BCD1E9BA6BD00E70830 /* IMG-user.jpg in Resources */ = {isa = PBXBuildFile; fileRef = B3F01BCC1E9BA6BD00E70830 /* IMG-user.jpg */; };
/* End PBXBuildFile section */

/* Begin PBXContainerItemProxy section */
		B358847E1E94C60F00458EC9 /* PBXContainerItemProxy */ = {
			isa = PBXContainerItemProxy;
			containerPortal = B358845C1E94C60F00458EC9 /* Project object */;
			proxyType = 1;
			remoteGlobalIDString = B35884631E94C60F00458EC9;
			remoteInfo = "Trademark Tansport";
		};
		B35884891E94C60F00458EC9 /* PBXContainerItemProxy */ = {
			isa = PBXContainerItemProxy;
			containerPortal = B358845C1E94C60F00458EC9 /* Project object */;
			proxyType = 1;
			remoteGlobalIDString = B35884631E94C60F00458EC9;
			remoteInfo = "Trademark Tansport";
		};
/* End PBXContainerItemProxy section */

/* Begin PBXFileReference section */
		B35884641E94C60F00458EC9 /* Trademark Tansport.app */ = {isa = PBXFileReference; explicitFileType = wrapper.application; includeInIndex = 0; path = "Trademark Tansport.app"; sourceTree = BUILT_PRODUCTS_DIR; };
		B35884681E94C60F00458EC9 /* main.m */ = {isa = PBXFileReference; lastKnownFileType = sourcecode.c.objc; path = main.m; sourceTree = "<group>"; };
		B358846A1E94C60F00458EC9 /* AppDelegate.h */ = {isa = PBXFileReference; lastKnownFileType = sourcecode.c.h; path = AppDelegate.h; sourceTree = "<group>"; };
		B358846B1E94C60F00458EC9 /* AppDelegate.m */ = {isa = PBXFileReference; lastKnownFileType = sourcecode.c.objc; path = AppDelegate.m; sourceTree = "<group>"; };
		B358846D1E94C60F00458EC9 /* ViewController.h */ = {isa = PBXFileReference; lastKnownFileType = sourcecode.c.h; path = ViewController.h; sourceTree = "<group>"; };
		B358846E1E94C60F00458EC9 /* ViewController.m */ = {isa = PBXFileReference; lastKnownFileType = sourcecode.c.objc; path = ViewController.m; sourceTree = "<group>"; };
		B35884711E94C60F00458EC9 /* Base */ = {isa = PBXFileReference; lastKnownFileType = file.storyboard; name = Base; path = Base.lproj/Main.storyboard; sourceTree = "<group>"; };
		B35884731E94C60F00458EC9 /* Assets.xcassets */ = {isa = PBXFileReference; lastKnownFileType = folder.assetcatalog; path = Assets.xcassets; sourceTree = "<group>"; };
		B35884761E94C60F00458EC9 /* Base */ = {isa = PBXFileReference; lastKnownFileType = file.storyboard; name = Base; path = Base.lproj/LaunchScreen.storyboard; sourceTree = "<group>"; };
		B35884781E94C60F00458EC9 /* Info.plist */ = {isa = PBXFileReference; lastKnownFileType = text.plist.xml; path = Info.plist; sourceTree = "<group>"; };
		B358847D1E94C60F00458EC9 /* Trademark TansportTests.xctest */ = {isa = PBXFileReference; explicitFileType = wrapper.cfbundle; includeInIndex = 0; path = "Trademark TansportTests.xctest"; sourceTree = BUILT_PRODUCTS_DIR; };
		B35884811E94C60F00458EC9 /* Trademark_TansportTests.m */ = {isa = PBXFileReference; lastKnownFileType = sourcecode.c.objc; path = Trademark_TansportTests.m; sourceTree = "<group>"; };
		B35884831E94C60F00458EC9 /* Info.plist */ = {isa = PBXFileReference; lastKnownFileType = text.plist.xml; path = Info.plist; sourceTree = "<group>"; };
		B35884881E94C60F00458EC9 /* Trademark TansportUITests.xctest */ = {isa = PBXFileReference; explicitFileType = wrapper.cfbundle; includeInIndex = 0; path = "Trademark TansportUITests.xctest"; sourceTree = BUILT_PRODUCTS_DIR; };
		B358848C1E94C60F00458EC9 /* Trademark_TansportUITests.m */ = {isa = PBXFileReference; lastKnownFileType = sourcecode.c.objc; path = Trademark_TansportUITests.m; sourceTree = "<group>"; };
		B358848E1E94C60F00458EC9 /* Info.plist */ = {isa = PBXFileReference; lastKnownFileType = text.plist.xml; path = Info.plist; sourceTree = "<group>"; };
		B358849B1E94CEA100458EC9 /* MFSideMenu.h */ = {isa = PBXFileReference; fileEncoding = 4; lastKnownFileType = sourcecode.c.h; path = MFSideMenu.h; sourceTree = "<group>"; };
		B358849C1E94CEA100458EC9 /* MFSideMenuContainerViewController.h */ = {isa = PBXFileReference; fileEncoding = 4; lastKnownFileType = sourcecode.c.h; path = MFSideMenuContainerViewController.h; sourceTree = "<group>"; };
		B358849D1E94CEA100458EC9 /* MFSideMenuContainerViewController.m */ = {isa = PBXFileReference; fileEncoding = 4; lastKnownFileType = sourcecode.c.objc; path = MFSideMenuContainerViewController.m; sourceTree = "<group>"; };
		B358849E1E94CEA100458EC9 /* MFSideMenuShadow.h */ = {isa = PBXFileReference; fileEncoding = 4; lastKnownFileType = sourcecode.c.h; path = MFSideMenuShadow.h; sourceTree = "<group>"; };
		B358849F1E94CEA100458EC9 /* MFSideMenuShadow.m */ = {isa = PBXFileReference; fileEncoding = 4; lastKnownFileType = sourcecode.c.objc; path = MFSideMenuShadow.m; sourceTree = "<group>"; };
		B35884A01E94CEA100458EC9 /* UIViewController+MFSideMenuAdditions.h */ = {isa = PBXFileReference; fileEncoding = 4; lastKnownFileType = sourcecode.c.h; path = "UIViewController+MFSideMenuAdditions.h"; sourceTree = "<group>"; };
		B35884A11E94CEA100458EC9 /* UIViewController+MFSideMenuAdditions.m */ = {isa = PBXFileReference; fileEncoding = 4; lastKnownFileType = sourcecode.c.objc; path = "UIViewController+MFSideMenuAdditions.m"; sourceTree = "<group>"; };
		B35884A51E94CEB800458EC9 /* DemoViewController.h */ = {isa = PBXFileReference; fileEncoding = 4; lastKnownFileType = sourcecode.c.h; path = DemoViewController.h; sourceTree = "<group>"; };
		B35884A61E94CEB800458EC9 /* DemoViewController.m */ = {isa = PBXFileReference; fileEncoding = 4; lastKnownFileType = sourcecode.c.objc; path = DemoViewController.m; sourceTree = "<group>"; };
		B35884A71E94CEB800458EC9 /* SideMenuViewController.h */ = {isa = PBXFileReference; fileEncoding = 4; lastKnownFileType = sourcecode.c.h; path = SideMenuViewController.h; sourceTree = "<group>"; };
		B35884A81E94CEB800458EC9 /* SideMenuViewController.m */ = {isa = PBXFileReference; fileEncoding = 4; lastKnownFileType = sourcecode.c.objc; path = SideMenuViewController.m; sourceTree = "<group>"; };
		B35884AC1E94CF1300458EC9 /* UIKit.framework */ = {isa = PBXFileReference; lastKnownFileType = wrapper.framework; name = UIKit.framework; path = System/Library/Frameworks/UIKit.framework; sourceTree = SDKROOT; };
		B35884AE1E94CF1D00458EC9 /* Foundation.framework */ = {isa = PBXFileReference; lastKnownFileType = wrapper.framework; name = Foundation.framework; path = System/Library/Frameworks/Foundation.framework; sourceTree = SDKROOT; };
		B35884B01E94CF2400458EC9 /* CoreGraphics.framework */ = {isa = PBXFileReference; lastKnownFileType = wrapper.framework; name = CoreGraphics.framework; path = System/Library/Frameworks/CoreGraphics.framework; sourceTree = SDKROOT; };
		B35884B41E94E30500458EC9 /* LoginViewController.h */ = {isa = PBXFileReference; fileEncoding = 4; lastKnownFileType = sourcecode.c.h; path = LoginViewController.h; sourceTree = "<group>"; };
		B35884B51E94E30500458EC9 /* LoginViewController.m */ = {isa = PBXFileReference; fileEncoding = 4; lastKnownFileType = sourcecode.c.objc; path = LoginViewController.m; sourceTree = "<group>"; };
		B35884BD1E94EEDB00458EC9 /* LoginFormViewController.h */ = {isa = PBXFileReference; fileEncoding = 4; lastKnownFileType = sourcecode.c.h; path = LoginFormViewController.h; sourceTree = "<group>"; };
		B35884BE1E94EEDB00458EC9 /* LoginFormViewController.m */ = {isa = PBXFileReference; fileEncoding = 4; lastKnownFileType = sourcecode.c.objc; path = LoginFormViewController.m; sourceTree = "<group>"; };
		B35884C21E94F02000458EC9 /* avatar-inside-a-circle.png */ = {isa = PBXFileReference; lastKnownFileType = image.png; path = "avatar-inside-a-circle.png"; sourceTree = "<group>"; };
		B35884C31E94F02000458EC9 /* bars.png */ = {isa = PBXFileReference; lastKnownFileType = image.png; path = bars.png; sourceTree = "<group>"; };
		B35884C41E94F02000458EC9 /* truck.jpg */ = {isa = PBXFileReference; lastKnownFileType = image.jpeg; path = truck.jpg; sourceTree = "<group>"; };
		B35884C81E94F09600458EC9 /* search.png */ = {isa = PBXFileReference; lastKnownFileType = image.png; path = search.png; sourceTree = "<group>"; };
		B35884CA1E94F4BC00458EC9 /* LoginFormTableViewCell.h */ = {isa = PBXFileReference; fileEncoding = 4; lastKnownFileType = sourcecode.c.h; path = LoginFormTableViewCell.h; sourceTree = "<group>"; };
		B35884CB1E94F4BC00458EC9 /* LoginFormTableViewCell.m */ = {isa = PBXFileReference; fileEncoding = 4; lastKnownFileType = sourcecode.c.objc; path = LoginFormTableViewCell.m; sourceTree = "<group>"; };
		B35884CD1E9504BD00458EC9 /* check-circular-button.png */ = {isa = PBXFileReference; lastKnownFileType = image.png; path = "check-circular-button.png"; sourceTree = "<group>"; };
		B39919281E9609D30030AC40 /* VehicleInspectionTableViewCell.h */ = {isa = PBXFileReference; fileEncoding = 4; lastKnownFileType = sourcecode.c.h; path = VehicleInspectionTableViewCell.h; sourceTree = "<group>"; };
		B39919291E9609D30030AC40 /* VehicleInspectionTableViewCell.m */ = {isa = PBXFileReference; fileEncoding = 4; lastKnownFileType = sourcecode.c.objc; path = VehicleInspectionTableViewCell.m; sourceTree = "<group>"; };
		B399192B1E963E250030AC40 /* bad.png */ = {isa = PBXFileReference; lastKnownFileType = image.png; path = bad.png; sourceTree = "<group>"; };
		B399192C1E963E250030AC40 /* disable.png */ = {isa = PBXFileReference; lastKnownFileType = image.png; path = disable.png; sourceTree = "<group>"; };
		B399192E1E963E250030AC40 /* low.png */ = {isa = PBXFileReference; lastKnownFileType = image.png; path = low.png; sourceTree = "<group>"; };
		B39919341E9642A10030AC40 /* OperationViewController.h */ = {isa = PBXFileReference; fileEncoding = 4; lastKnownFileType = sourcecode.c.h; path = OperationViewController.h; sourceTree = "<group>"; };
		B39919351E9642A10030AC40 /* OperationViewController.m */ = {isa = PBXFileReference; fileEncoding = 4; lastKnownFileType = sourcecode.c.objc; path = OperationViewController.m; sourceTree = "<group>"; };
		B39919371E9645700030AC40 /* good.png */ = {isa = PBXFileReference; lastKnownFileType = image.png; path = good.png; sourceTree = "<group>"; };
		B39919391E9646A40030AC40 /* MenuRowTableViewCell.h */ = {isa = PBXFileReference; fileEncoding = 4; lastKnownFileType = sourcecode.c.h; path = MenuRowTableViewCell.h; sourceTree = "<group>"; };
		B399193A1E9646A40030AC40 /* MenuRowTableViewCell.m */ = {isa = PBXFileReference; fileEncoding = 4; lastKnownFileType = sourcecode.c.objc; path = MenuRowTableViewCell.m; sourceTree = "<group>"; };
		B3AC69351E9775E00091E68C /* HistoryViewController.h */ = {isa = PBXFileReference; fileEncoding = 4; lastKnownFileType = sourcecode.c.h; path = HistoryViewController.h; sourceTree = "<group>"; };
		B3AC69361E9775E00091E68C /* HistoryViewController.m */ = {isa = PBXFileReference; fileEncoding = 4; lastKnownFileType = sourcecode.c.objc; path = HistoryViewController.m; sourceTree = "<group>"; };
		B3AC693A1E9793000091E68C /* reload.png */ = {isa = PBXFileReference; lastKnownFileType = image.png; path = reload.png; sourceTree = "<group>"; };
		B3AC693C1E9794520091E68C /* HistoryTableViewCell.h */ = {isa = PBXFileReference; fileEncoding = 4; lastKnownFileType = sourcecode.c.h; path = HistoryTableViewCell.h; sourceTree = "<group>"; };
		B3AC693D1E9794520091E68C /* HistoryTableViewCell.m */ = {isa = PBXFileReference; fileEncoding = 4; lastKnownFileType = sourcecode.c.objc; path = HistoryTableViewCell.m; sourceTree = "<group>"; };
		B3AC69491E97B0780091E68C /* Roboto-Black.ttf */ = {isa = PBXFileReference; lastKnownFileType = file; path = "Roboto-Black.ttf"; sourceTree = "<group>"; };
		B3AC694A1E97B0780091E68C /* Roboto-Light.ttf */ = {isa = PBXFileReference; lastKnownFileType = file; path = "Roboto-Light.ttf"; sourceTree = "<group>"; };
		B3AC694B1E97B0780091E68C /* Roboto-Medium.ttf */ = {isa = PBXFileReference; lastKnownFileType = file; path = "Roboto-Medium.ttf"; sourceTree = "<group>"; };
		B3AC694C1E97B0780091E68C /* Roboto-Regular.ttf */ = {isa = PBXFileReference; lastKnownFileType = file; path = "Roboto-Regular.ttf"; sourceTree = "<group>"; };
		B3AC694D1E97B0780091E68C /* Roboto-Thin.ttf */ = {isa = PBXFileReference; lastKnownFileType = file; path = "Roboto-Thin.ttf"; sourceTree = "<group>"; };
		B3DB5B551E95F0B900D476F6 /* AppConstant.h */ = {isa = PBXFileReference; lastKnownFileType = sourcecode.c.h; path = AppConstant.h; sourceTree = "<group>"; };
		B3DB5B571E95F0ED00D476F6 /* Header.h */ = {isa = PBXFileReference; fileEncoding = 4; lastKnownFileType = sourcecode.c.h; path = Header.h; sourceTree = "<group>"; };
		B3DB5B581E95F0ED00D476F6 /* Header.m */ = {isa = PBXFileReference; fileEncoding = 4; lastKnownFileType = sourcecode.c.objc; path = Header.m; sourceTree = "<group>"; };
		B3DB5B5B1E95F14400D476F6 /* VehicleInspectionViewController.h */ = {isa = PBXFileReference; fileEncoding = 4; lastKnownFileType = sourcecode.c.h; path = VehicleInspectionViewController.h; sourceTree = "<group>"; };
		B3DB5B5C1E95F14400D476F6 /* VehicleInspectionViewController.m */ = {isa = PBXFileReference; fileEncoding = 4; lastKnownFileType = sourcecode.c.objc; path = VehicleInspectionViewController.m; sourceTree = "<group>"; };
		B3DFCD241E9F335000A86BB3 /* AddPhoto.png */ = {isa = PBXFileReference; lastKnownFileType = image.png; path = AddPhoto.png; sourceTree = "<group>"; };
		B3DFCD251E9F335000A86BB3 /* CurrentDrive-Active.png */ = {isa = PBXFileReference; lastKnownFileType = image.png; path = "CurrentDrive-Active.png"; sourceTree = "<group>"; };
		B3DFCD261E9F335000A86BB3 /* CurrentDrive.png */ = {isa = PBXFileReference; lastKnownFileType = image.png; path = CurrentDrive.png; sourceTree = "<group>"; };
		B3DFCD271E9F335000A86BB3 /* InProcess-Active.png */ = {isa = PBXFileReference; lastKnownFileType = image.png; path = "InProcess-Active.png"; sourceTree = "<group>"; };
		B3DFCD281E9F335000A86BB3 /* InProcess.png */ = {isa = PBXFileReference; lastKnownFileType = image.png; path = InProcess.png; sourceTree = "<group>"; };
		B3DFCD291E9F335000A86BB3 /* NewRequest-Active.png */ = {isa = PBXFileReference; lastKnownFileType = image.png; path = "NewRequest-Active.png"; sourceTree = "<group>"; };
		B3DFCD2A1E9F335000A86BB3 /* NewRequest.png */ = {isa = PBXFileReference; lastKnownFileType = image.png; path = NewRequest.png; sourceTree = "<group>"; };
		B3DFCD2B1E9F335000A86BB3 /* NoNewRequstGrpahic.png */ = {isa = PBXFileReference; lastKnownFileType = image.png; path = NoNewRequstGrpahic.png; sourceTree = "<group>"; };
		B3DFCD2C1E9F335000A86BB3 /* TaskInProcess.png */ = {isa = PBXFileReference; lastKnownFileType = image.png; path = TaskInProcess.png; sourceTree = "<group>"; };
		B3DFCD3A1E9F385300A86BB3 /* NewRequestListViewController.h */ = {isa = PBXFileReference; fileEncoding = 4; lastKnownFileType = sourcecode.c.h; path = NewRequestListViewController.h; sourceTree = "<group>"; };
		B3DFCD3B1E9F385300A86BB3 /* NewRequestListViewController.m */ = {isa = PBXFileReference; fileEncoding = 4; lastKnownFileType = sourcecode.c.objc; path = NewRequestListViewController.m; sourceTree = "<group>"; };
		B3DFCD3E1E9F386B00A86BB3 /* NewRequestTableViewCell.h */ = {isa = PBXFileReference; fileEncoding = 4; lastKnownFileType = sourcecode.c.h; path = NewRequestTableViewCell.h; sourceTree = "<group>"; };
		B3DFCD3F1E9F386B00A86BB3 /* NewRequestTableViewCell.m */ = {isa = PBXFileReference; fileEncoding = 4; lastKnownFileType = sourcecode.c.objc; path = NewRequestTableViewCell.m; sourceTree = "<group>"; };
		B3DFCD411E9F3CEC00A86BB3 /* InProcessTableViewCell.h */ = {isa = PBXFileReference; fileEncoding = 4; lastKnownFileType = sourcecode.c.h; path = InProcessTableViewCell.h; sourceTree = "<group>"; };
		B3DFCD421E9F3CEC00A86BB3 /* InProcessTableViewCell.m */ = {isa = PBXFileReference; fileEncoding = 4; lastKnownFileType = sourcecode.c.objc; path = InProcessTableViewCell.m; sourceTree = "<group>"; };
		B3DFCD441E9F3D0A00A86BB3 /* InProcessViewController.h */ = {isa = PBXFileReference; fileEncoding = 4; lastKnownFileType = sourcecode.c.h; path = InProcessViewController.h; sourceTree = "<group>"; };
		B3DFCD451E9F3D0A00A86BB3 /* InProcessViewController.m */ = {isa = PBXFileReference; fileEncoding = 4; lastKnownFileType = sourcecode.c.objc; path = InProcessViewController.m; sourceTree = "<group>"; };
		B3DFCD471E9F3D3200A86BB3 /* CurrentDriveViewController.h */ = {isa = PBXFileReference; fileEncoding = 4; lastKnownFileType = sourcecode.c.h; path = CurrentDriveViewController.h; sourceTree = "<group>"; };
		B3DFCD481E9F3D3200A86BB3 /* CurrentDriveViewController.m */ = {isa = PBXFileReference; fileEncoding = 4; lastKnownFileType = sourcecode.c.objc; path = CurrentDriveViewController.m; sourceTree = "<group>"; };
		B3DFCD4A1E9F4E4400A86BB3 /* Roboto-Bold.ttf */ = {isa = PBXFileReference; lastKnownFileType = file; path = "Roboto-Bold.ttf"; sourceTree = "<group>"; };
		B3DFCD4C1E9F4F6100A86BB3 /* MapKit.framework */ = {isa = PBXFileReference; lastKnownFileType = wrapper.framework; name = MapKit.framework; path = System/Library/Frameworks/MapKit.framework; sourceTree = SDKROOT; };
		B3E9F94C1E9C961500973F14 /* InboxTableViewCell.h */ = {isa = PBXFileReference; fileEncoding = 4; lastKnownFileType = sourcecode.c.h; path = InboxTableViewCell.h; sourceTree = "<group>"; };
		B3E9F94D1E9C961500973F14 /* InboxTableViewCell.m */ = {isa = PBXFileReference; fileEncoding = 4; lastKnownFileType = sourcecode.c.objc; path = InboxTableViewCell.m; sourceTree = "<group>"; };
		B3E9F94F1E9C962200973F14 /* InboxViewController.h */ = {isa = PBXFileReference; fileEncoding = 4; lastKnownFileType = sourcecode.c.h; path = InboxViewController.h; sourceTree = "<group>"; };
		B3E9F9501E9C962200973F14 /* InboxViewController.m */ = {isa = PBXFileReference; fileEncoding = 4; lastKnownFileType = sourcecode.c.objc; path = InboxViewController.m; sourceTree = "<group>"; };
		B3E9F9531E9C97CF00973F14 /* CreateMessage.png */ = {isa = PBXFileReference; lastKnownFileType = image.png; path = CreateMessage.png; sourceTree = "<group>"; };
		B3E9F9541E9C97CF00973F14 /* Delete.png */ = {isa = PBXFileReference; lastKnownFileType = image.png; path = Delete.png; sourceTree = "<group>"; };
		B3E9F9551E9C97CF00973F14 /* Favourite-Active.png */ = {isa = PBXFileReference; lastKnownFileType = image.png; path = "Favourite-Active.png"; sourceTree = "<group>"; };
		B3E9F9561E9C97CF00973F14 /* Favourite.png */ = {isa = PBXFileReference; lastKnownFileType = image.png; path = Favourite.png; sourceTree = "<group>"; };
		B3E9F9571E9C97CF00973F14 /* FavTab-Active.png */ = {isa = PBXFileReference; lastKnownFileType = image.png; path = "FavTab-Active.png"; sourceTree = "<group>"; };
		B3E9F9581E9C97CF00973F14 /* FavTab.png */ = {isa = PBXFileReference; lastKnownFileType = image.png; path = FavTab.png; sourceTree = "<group>"; };
		B3E9F9591E9C97CF00973F14 /* InboxTab-Active.png */ = {isa = PBXFileReference; lastKnownFileType = image.png; path = "InboxTab-Active.png"; sourceTree = "<group>"; };
		B3E9F95A1E9C97CF00973F14 /* InboxTab.png */ = {isa = PBXFileReference; lastKnownFileType = image.png; path = InboxTab.png; sourceTree = "<group>"; };
		B3E9F95B1E9C97CF00973F14 /* TrashTab-Active.png */ = {isa = PBXFileReference; lastKnownFileType = image.png; path = "TrashTab-Active.png"; sourceTree = "<group>"; };
		B3E9F95C1E9C97CF00973F14 /* TrashTab.png */ = {isa = PBXFileReference; lastKnownFileType = image.png; path = TrashTab.png; sourceTree = "<group>"; };
		B3E9F9671E9C9E3700973F14 /* SearchIcon.png */ = {isa = PBXFileReference; lastKnownFileType = image.png; path = SearchIcon.png; sourceTree = "<group>"; };
		B3E9F9691E9C9EE300973F14 /* magnifying-glass.png */ = {isa = PBXFileReference; lastKnownFileType = image.png; path = "magnifying-glass.png"; sourceTree = "<group>"; };
		B3E9F96B1E9C9F0900973F14 /* search (1).png */ = {isa = PBXFileReference; lastKnownFileType = image.png; path = "search (1).png"; sourceTree = "<group>"; };
		B3E9F96D1E9CA3C700973F14 /* Roboto-Italic.ttf */ = {isa = PBXFileReference; lastKnownFileType = file; path = "Roboto-Italic.ttf"; sourceTree = "<group>"; };
		B3E9F9721E9CB36D00973F14 /* refresh.png */ = {isa = PBXFileReference; lastKnownFileType = image.png; path = refresh.png; sourceTree = "<group>"; };
		B3E9F9741E9CB50700973F14 /* fav_icon.png */ = {isa = PBXFileReference; lastKnownFileType = image.png; path = fav_icon.png; sourceTree = "<group>"; };
		B3F01BBB1E9B450C00E70830 /* MyTruckViewController.h */ = {isa = PBXFileReference; fileEncoding = 4; lastKnownFileType = sourcecode.c.h; path = MyTruckViewController.h; sourceTree = "<group>"; };
		B3F01BBC1E9B450C00E70830 /* MyTruckViewController.m */ = {isa = PBXFileReference; fileEncoding = 4; lastKnownFileType = sourcecode.c.objc; path = MyTruckViewController.m; sourceTree = "<group>"; };
		B3F01BBE1E9B599000E70830 /* meter-car-speed.jpg */ = {isa = PBXFileReference; lastKnownFileType = image.jpeg; path = "meter-car-speed.jpg"; sourceTree = "<group>"; };
		B3F01BC11E9B5ADC00E70830 /* Camera.png */ = {isa = PBXFileReference; lastKnownFileType = image.png; path = Camera.png; sourceTree = "<group>"; };
		B3F01BC31E9B617000E70830 /* Login-Backgrd.jpg */ = {isa = PBXFileReference; lastKnownFileType = image.jpeg; path = "Login-Backgrd.jpg"; sourceTree = "<group>"; };
		B3F01BC61E9BA04200E70830 /* MyProfileViewController.h */ = {isa = PBXFileReference; fileEncoding = 4; lastKnownFileType = sourcecode.c.h; path = MyProfileViewController.h; sourceTree = "<group>"; };
		B3F01BC71E9BA04200E70830 /* MyProfileViewController.m */ = {isa = PBXFileReference; fileEncoding = 4; lastKnownFileType = sourcecode.c.objc; path = MyProfileViewController.m; sourceTree = "<group>"; };
		B3F01BC91E9BA1E300E70830 /* MyProfileTableViewCell.h */ = {isa = PBXFileReference; fileEncoding = 4; lastKnownFileType = sourcecode.c.h; path = MyProfileTableViewCell.h; sourceTree = "<group>"; };
		B3F01BCA1E9BA1E300E70830 /* MyProfileTableViewCell.m */ = {isa = PBXFileReference; fileEncoding = 4; lastKnownFileType = sourcecode.c.objc; path = MyProfileTableViewCell.m; sourceTree = "<group>"; };
		B3F01BCC1E9BA6BD00E70830 /* IMG-user.jpg */ = {isa = PBXFileReference; lastKnownFileType = image.jpeg; path = "IMG-user.jpg"; sourceTree = "<group>"; };
/* End PBXFileReference section */

/* Begin PBXFrameworksBuildPhase section */
		B35884611E94C60F00458EC9 /* Frameworks */ = {
			isa = PBXFrameworksBuildPhase;
			buildActionMask = 2147483647;
			files = (
				B3DFCD4D1E9F4F6100A86BB3 /* MapKit.framework in Frameworks */,
				B35884B11E94CF2400458EC9 /* CoreGraphics.framework in Frameworks */,
				B35884AF1E94CF1D00458EC9 /* Foundation.framework in Frameworks */,
				B35884AD1E94CF1300458EC9 /* UIKit.framework in Frameworks */,
			);
			runOnlyForDeploymentPostprocessing = 0;
		};
		B358847A1E94C60F00458EC9 /* Frameworks */ = {
			isa = PBXFrameworksBuildPhase;
			buildActionMask = 2147483647;
			files = (
			);
			runOnlyForDeploymentPostprocessing = 0;
		};
		B35884851E94C60F00458EC9 /* Frameworks */ = {
			isa = PBXFrameworksBuildPhase;
			buildActionMask = 2147483647;
			files = (
			);
			runOnlyForDeploymentPostprocessing = 0;
		};
/* End PBXFrameworksBuildPhase section */

/* Begin PBXGroup section */
		B358845B1E94C60F00458EC9 = {
			isa = PBXGroup;
			children = (
				B3DFCD201E9F317600A86BB3 /* Library */,
				B3DB5B541E95F08A00D476F6 /* GlobalClass */,
				B3AC69411E97B0250091E68C /* Resources */,
				B35884B71E94E8B600458EC9 /* Images */,
				B35884B21E94E2DF00458EC9 /* Driver's ViewController */,
				B358849A1E94CE8C00458EC9 /* MFSideBar */,
				B35884661E94C60F00458EC9 /* Trademark Tansport */,
				B35884801E94C60F00458EC9 /* Trademark TansportTests */,
				B358848B1E94C60F00458EC9 /* Trademark TansportUITests */,
				B35884651E94C60F00458EC9 /* Products */,
				B35884AB1E94CF1300458EC9 /* Frameworks */,
			);
			sourceTree = "<group>";
		};
		B35884651E94C60F00458EC9 /* Products */ = {
			isa = PBXGroup;
			children = (
				B35884641E94C60F00458EC9 /* Trademark Tansport.app */,
				B358847D1E94C60F00458EC9 /* Trademark TansportTests.xctest */,
				B35884881E94C60F00458EC9 /* Trademark TansportUITests.xctest */,
			);
			name = Products;
			sourceTree = "<group>";
		};
		B35884661E94C60F00458EC9 /* Trademark Tansport */ = {
			isa = PBXGroup;
			children = (
				B358846A1E94C60F00458EC9 /* AppDelegate.h */,
				B358846B1E94C60F00458EC9 /* AppDelegate.m */,
				B358846D1E94C60F00458EC9 /* ViewController.h */,
				B358846E1E94C60F00458EC9 /* ViewController.m */,
				B35884701E94C60F00458EC9 /* Main.storyboard */,
				B35884731E94C60F00458EC9 /* Assets.xcassets */,
				B35884751E94C60F00458EC9 /* LaunchScreen.storyboard */,
				B35884781E94C60F00458EC9 /* Info.plist */,
				B35884671E94C60F00458EC9 /* Supporting Files */,
			);
			path = "Trademark Tansport";
			sourceTree = "<group>";
		};
		B35884671E94C60F00458EC9 /* Supporting Files */ = {
			isa = PBXGroup;
			children = (
				B35884681E94C60F00458EC9 /* main.m */,
			);
			name = "Supporting Files";
			sourceTree = "<group>";
		};
		B35884801E94C60F00458EC9 /* Trademark TansportTests */ = {
			isa = PBXGroup;
			children = (
				B35884811E94C60F00458EC9 /* Trademark_TansportTests.m */,
				B35884831E94C60F00458EC9 /* Info.plist */,
			);
			path = "Trademark TansportTests";
			sourceTree = "<group>";
		};
		B358848B1E94C60F00458EC9 /* Trademark TansportUITests */ = {
			isa = PBXGroup;
			children = (
				B358848C1E94C60F00458EC9 /* Trademark_TansportUITests.m */,
				B358848E1E94C60F00458EC9 /* Info.plist */,
			);
			path = "Trademark TansportUITests";
			sourceTree = "<group>";
		};
		B358849A1E94CE8C00458EC9 /* MFSideBar */ = {
			isa = PBXGroup;
			children = (
				B35884A51E94CEB800458EC9 /* DemoViewController.h */,
				B35884A61E94CEB800458EC9 /* DemoViewController.m */,
				B35884A71E94CEB800458EC9 /* SideMenuViewController.h */,
				B35884A81E94CEB800458EC9 /* SideMenuViewController.m */,
				B358849B1E94CEA100458EC9 /* MFSideMenu.h */,
				B358849C1E94CEA100458EC9 /* MFSideMenuContainerViewController.h */,
				B358849D1E94CEA100458EC9 /* MFSideMenuContainerViewController.m */,
				B358849E1E94CEA100458EC9 /* MFSideMenuShadow.h */,
				B358849F1E94CEA100458EC9 /* MFSideMenuShadow.m */,
				B35884A01E94CEA100458EC9 /* UIViewController+MFSideMenuAdditions.h */,
				B35884A11E94CEA100458EC9 /* UIViewController+MFSideMenuAdditions.m */,
				B39919391E9646A40030AC40 /* MenuRowTableViewCell.h */,
				B399193A1E9646A40030AC40 /* MenuRowTableViewCell.m */,
			);
			name = MFSideBar;
			sourceTree = "<group>";
		};
		B35884AB1E94CF1300458EC9 /* Frameworks */ = {
			isa = PBXGroup;
			children = (
				B3DFCD4C1E9F4F6100A86BB3 /* MapKit.framework */,
				B35884B01E94CF2400458EC9 /* CoreGraphics.framework */,
				B35884AE1E94CF1D00458EC9 /* Foundation.framework */,
				B35884AC1E94CF1300458EC9 /* UIKit.framework */,
			);
			name = Frameworks;
			sourceTree = "<group>";
		};
		B35884B21E94E2DF00458EC9 /* Driver's ViewController */ = {
			isa = PBXGroup;
			children = (
				B3E9F94A1E9C95F100973F14 /* InboxViewController */,
				B3F01BC51E9BA02B00E70830 /* MyProfileViewController */,
				B3F01BBA1E9B44F300E70830 /* MyTruck */,
				B3AC69341E97758E0091E68C /* HistoryViewController */,
				B39919331E96428C0030AC40 /* OperationViewController */,
				B3DB5B5A1E95F11300D476F6 /* VehicleInspectionViewController */,
				B35884BC1E94EEC200458EC9 /* LoginFormViewCotroller */,
				B35884B31E94E2E800458EC9 /* LoginViewController */,
			);
			name = "Driver's ViewController";
			sourceTree = "<group>";
		};
		B35884B31E94E2E800458EC9 /* LoginViewController */ = {
			isa = PBXGroup;
			children = (
				B35884B41E94E30500458EC9 /* LoginViewController.h */,
				B35884B51E94E30500458EC9 /* LoginViewController.m */,
			);
			name = LoginViewController;
			sourceTree = "<group>";
		};
		B35884B71E94E8B600458EC9 /* Images */ = {
			isa = PBXGroup;
			children = (
				B3DFCD0B1E9F2C8A00A86BB3 /* Opertaion_Icons */,
				B3E9F96F1E9CB32200973F14 /* Others */,
				B3E9F9521E9C97B800973F14 /* Inbox_Icons */,
				B3F01BC01E9B5AC600E70830 /* dummy */,
			);
			name = Images;
			sourceTree = "<group>";
		};
		B35884BC1E94EEC200458EC9 /* LoginFormViewCotroller */ = {
			isa = PBXGroup;
			children = (
				B35884BD1E94EEDB00458EC9 /* LoginFormViewController.h */,
				B35884BE1E94EEDB00458EC9 /* LoginFormViewController.m */,
				B35884CA1E94F4BC00458EC9 /* LoginFormTableViewCell.h */,
				B35884CB1E94F4BC00458EC9 /* LoginFormTableViewCell.m */,
			);
			name = LoginFormViewCotroller;
			sourceTree = "<group>";
		};
		B39919331E96428C0030AC40 /* OperationViewController */ = {
			isa = PBXGroup;
			children = (
				B39919341E9642A10030AC40 /* OperationViewController.h */,
				B39919351E9642A10030AC40 /* OperationViewController.m */,
				B3DFCD381E9F380200A86BB3 /* CurrentDrive */,
				B3DFCD371E9F37FA00A86BB3 /* InProcess */,
				B3DFCD361E9F37EC00A86BB3 /* NewRequest */,
			);
			name = OperationViewController;
			sourceTree = "<group>";
		};
		B3AC69341E97758E0091E68C /* HistoryViewController */ = {
			isa = PBXGroup;
			children = (
				B3AC69351E9775E00091E68C /* HistoryViewController.h */,
				B3AC69361E9775E00091E68C /* HistoryViewController.m */,
				B3AC693C1E9794520091E68C /* HistoryTableViewCell.h */,
				B3AC693D1E9794520091E68C /* HistoryTableViewCell.m */,
			);
			name = HistoryViewController;
			sourceTree = "<group>";
		};
		B3AC69411E97B0250091E68C /* Resources */ = {
			isa = PBXGroup;
			children = (
				B3AC69421E97B02B0091E68C /* Fonts */,
			);
			name = Resources;
			sourceTree = "<group>";
		};
		B3AC69421E97B02B0091E68C /* Fonts */ = {
			isa = PBXGroup;
			children = (
				B3DFCD4A1E9F4E4400A86BB3 /* Roboto-Bold.ttf */,
				B3E9F96D1E9CA3C700973F14 /* Roboto-Italic.ttf */,
				B3AC69491E97B0780091E68C /* Roboto-Black.ttf */,
				B3AC694A1E97B0780091E68C /* Roboto-Light.ttf */,
				B3AC694B1E97B0780091E68C /* Roboto-Medium.ttf */,
				B3AC694C1E97B0780091E68C /* Roboto-Regular.ttf */,
				B3AC694D1E97B0780091E68C /* Roboto-Thin.ttf */,
			);
			name = Fonts;
			sourceTree = "<group>";
		};
		B3DB5B541E95F08A00D476F6 /* GlobalClass */ = {
			isa = PBXGroup;
			children = (
				B3DB5B551E95F0B900D476F6 /* AppConstant.h */,
				B3DB5B571E95F0ED00D476F6 /* Header.h */,
				B3DB5B581E95F0ED00D476F6 /* Header.m */,
			);
			name = GlobalClass;
			sourceTree = "<group>";
		};
		B3DB5B5A1E95F11300D476F6 /* VehicleInspectionViewController */ = {
			isa = PBXGroup;
			children = (
				B3DB5B5B1E95F14400D476F6 /* VehicleInspectionViewController.h */,
				B3DB5B5C1E95F14400D476F6 /* VehicleInspectionViewController.m */,
				B39919281E9609D30030AC40 /* VehicleInspectionTableViewCell.h */,
				B39919291E9609D30030AC40 /* VehicleInspectionTableViewCell.m */,
			);
			name = VehicleInspectionViewController;
			sourceTree = "<group>";
		};
		B3DFCD0B1E9F2C8A00A86BB3 /* Opertaion_Icons */ = {
			isa = PBXGroup;
			children = (
				B3DFCD241E9F335000A86BB3 /* AddPhoto.png */,
				B3DFCD251E9F335000A86BB3 /* CurrentDrive-Active.png */,
				B3DFCD261E9F335000A86BB3 /* CurrentDrive.png */,
				B3DFCD271E9F335000A86BB3 /* InProcess-Active.png */,
				B3DFCD281E9F335000A86BB3 /* InProcess.png */,
				B3DFCD291E9F335000A86BB3 /* NewRequest-Active.png */,
				B3DFCD2A1E9F335000A86BB3 /* NewRequest.png */,
				B3DFCD2B1E9F335000A86BB3 /* NoNewRequstGrpahic.png */,
				B3DFCD2C1E9F335000A86BB3 /* TaskInProcess.png */,
			);
			name = Opertaion_Icons;
			sourceTree = "<group>";
		};
		B3DFCD201E9F317600A86BB3 /* Library */ = {
			isa = PBXGroup;
			children = (
			);
			name = Library;
			sourceTree = "<group>";
		};
		B3DFCD361E9F37EC00A86BB3 /* NewRequest */ = {
			isa = PBXGroup;
			children = (
				B3DFCD471E9F3D3200A86BB3 /* CurrentDriveViewController.h */,
				B3DFCD481E9F3D3200A86BB3 /* CurrentDriveViewController.m */,
			);
			name = NewRequest;
			sourceTree = "<group>";
		};
		B3DFCD371E9F37FA00A86BB3 /* InProcess */ = {
			isa = PBXGroup;
			children = (
				B3DFCD411E9F3CEC00A86BB3 /* InProcessTableViewCell.h */,
				B3DFCD421E9F3CEC00A86BB3 /* InProcessTableViewCell.m */,
				B3DFCD441E9F3D0A00A86BB3 /* InProcessViewController.h */,
				B3DFCD451E9F3D0A00A86BB3 /* InProcessViewController.m */,
			);
			name = InProcess;
			sourceTree = "<group>";
		};
		B3DFCD381E9F380200A86BB3 /* CurrentDrive */ = {
			isa = PBXGroup;
			children = (
				B3DFCD3A1E9F385300A86BB3 /* NewRequestListViewController.h */,
				B3DFCD3B1E9F385300A86BB3 /* NewRequestListViewController.m */,
				B3DFCD3E1E9F386B00A86BB3 /* NewRequestTableViewCell.h */,
				B3DFCD3F1E9F386B00A86BB3 /* NewRequestTableViewCell.m */,
			);
			name = CurrentDrive;
			sourceTree = "<group>";
		};
		B3E9F94A1E9C95F100973F14 /* InboxViewController */ = {
			isa = PBXGroup;
			children = (
				B3E9F94F1E9C962200973F14 /* InboxViewController.h */,
				B3E9F9501E9C962200973F14 /* InboxViewController.m */,
				B3E9F94C1E9C961500973F14 /* InboxTableViewCell.h */,
				B3E9F94D1E9C961500973F14 /* InboxTableViewCell.m */,
			);
			name = InboxViewController;
			sourceTree = "<group>";
		};
		B3E9F9521E9C97B800973F14 /* Inbox_Icons */ = {
			isa = PBXGroup;
			children = (
				B3E9F9741E9CB50700973F14 /* fav_icon.png */,
				B3E9F9671E9C9E3700973F14 /* SearchIcon.png */,
				B3E9F9531E9C97CF00973F14 /* CreateMessage.png */,
				B3E9F9541E9C97CF00973F14 /* Delete.png */,
				B3E9F9551E9C97CF00973F14 /* Favourite-Active.png */,
				B3E9F9561E9C97CF00973F14 /* Favourite.png */,
				B3E9F9571E9C97CF00973F14 /* FavTab-Active.png */,
				B3E9F9581E9C97CF00973F14 /* FavTab.png */,
				B3E9F9591E9C97CF00973F14 /* InboxTab-Active.png */,
				B3E9F95A1E9C97CF00973F14 /* InboxTab.png */,
				B3E9F95B1E9C97CF00973F14 /* TrashTab-Active.png */,
				B3E9F95C1E9C97CF00973F14 /* TrashTab.png */,
			);
			name = Inbox_Icons;
			sourceTree = "<group>";
		};
		B3E9F96F1E9CB32200973F14 /* Others */ = {
			isa = PBXGroup;
			children = (
				B3F01BC31E9B617000E70830 /* Login-Backgrd.jpg */,
				B3F01BC11E9B5ADC00E70830 /* Camera.png */,
				B3E9F96B1E9C9F0900973F14 /* search (1).png */,
			);
			name = Others;
			sourceTree = "<group>";
		};
		B3F01BBA1E9B44F300E70830 /* MyTruck */ = {
			isa = PBXGroup;
			children = (
				B3F01BBB1E9B450C00E70830 /* MyTruckViewController.h */,
				B3F01BBC1E9B450C00E70830 /* MyTruckViewController.m */,
			);
			name = MyTruck;
			sourceTree = "<group>";
		};
		B3F01BC01E9B5AC600E70830 /* dummy */ = {
			isa = PBXGroup;
			children = (
				B3E9F9721E9CB36D00973F14 /* refresh.png */,
				B3E9F9691E9C9EE300973F14 /* magnifying-glass.png */,
				B3F01BCC1E9BA6BD00E70830 /* IMG-user.jpg */,
				B3F01BBE1E9B599000E70830 /* meter-car-speed.jpg */,
				B3AC693A1E9793000091E68C /* reload.png */,
				B39919371E9645700030AC40 /* good.png */,
				B399192B1E963E250030AC40 /* bad.png */,
				B399192C1E963E250030AC40 /* disable.png */,
				B399192E1E963E250030AC40 /* low.png */,
				B35884CD1E9504BD00458EC9 /* check-circular-button.png */,
				B35884C81E94F09600458EC9 /* search.png */,
				B35884C21E94F02000458EC9 /* avatar-inside-a-circle.png */,
				B35884C31E94F02000458EC9 /* bars.png */,
				B35884C41E94F02000458EC9 /* truck.jpg */,
			);
			name = dummy;
			sourceTree = "<group>";
		};
		B3F01BC51E9BA02B00E70830 /* MyProfileViewController */ = {
			isa = PBXGroup;
			children = (
				B3F01BC61E9BA04200E70830 /* MyProfileViewController.h */,
				B3F01BC71E9BA04200E70830 /* MyProfileViewController.m */,
				B3F01BC91E9BA1E300E70830 /* MyProfileTableViewCell.h */,
				B3F01BCA1E9BA1E300E70830 /* MyProfileTableViewCell.m */,
			);
			name = MyProfileViewController;
			sourceTree = "<group>";
		};
/* End PBXGroup section */

/* Begin PBXNativeTarget section */
		B35884631E94C60F00458EC9 /* Trademark Tansport */ = {
			isa = PBXNativeTarget;
			buildConfigurationList = B35884911E94C60F00458EC9 /* Build configuration list for PBXNativeTarget "Trademark Tansport" */;
			buildPhases = (
				B35884601E94C60F00458EC9 /* Sources */,
				B35884611E94C60F00458EC9 /* Frameworks */,
				B35884621E94C60F00458EC9 /* Resources */,
			);
			buildRules = (
			);
			dependencies = (
			);
			name = "Trademark Tansport";
			productName = "Trademark Tansport";
			productReference = B35884641E94C60F00458EC9 /* Trademark Tansport.app */;
			productType = "com.apple.product-type.application";
		};
		B358847C1E94C60F00458EC9 /* Trademark TansportTests */ = {
			isa = PBXNativeTarget;
			buildConfigurationList = B35884941E94C60F00458EC9 /* Build configuration list for PBXNativeTarget "Trademark TansportTests" */;
			buildPhases = (
				B35884791E94C60F00458EC9 /* Sources */,
				B358847A1E94C60F00458EC9 /* Frameworks */,
				B358847B1E94C60F00458EC9 /* Resources */,
			);
			buildRules = (
			);
			dependencies = (
				B358847F1E94C60F00458EC9 /* PBXTargetDependency */,
			);
			name = "Trademark TansportTests";
			productName = "Trademark TansportTests";
			productReference = B358847D1E94C60F00458EC9 /* Trademark TansportTests.xctest */;
			productType = "com.apple.product-type.bundle.unit-test";
		};
		B35884871E94C60F00458EC9 /* Trademark TansportUITests */ = {
			isa = PBXNativeTarget;
			buildConfigurationList = B35884971E94C60F00458EC9 /* Build configuration list for PBXNativeTarget "Trademark TansportUITests" */;
			buildPhases = (
				B35884841E94C60F00458EC9 /* Sources */,
				B35884851E94C60F00458EC9 /* Frameworks */,
				B35884861E94C60F00458EC9 /* Resources */,
			);
			buildRules = (
			);
			dependencies = (
				B358848A1E94C60F00458EC9 /* PBXTargetDependency */,
			);
			name = "Trademark TansportUITests";
			productName = "Trademark TansportUITests";
			productReference = B35884881E94C60F00458EC9 /* Trademark TansportUITests.xctest */;
			productType = "com.apple.product-type.bundle.ui-testing";
		};
/* End PBXNativeTarget section */

/* Begin PBXProject section */
		B358845C1E94C60F00458EC9 /* Project object */ = {
			isa = PBXProject;
			attributes = {
				LastUpgradeCheck = 0830;
				ORGANIZATIONNAME = EXCELLENT2;
				TargetAttributes = {
					B35884631E94C60F00458EC9 = {
						CreatedOnToolsVersion = 8.3;
						ProvisioningStyle = Automatic;
					};
					B358847C1E94C60F00458EC9 = {
						CreatedOnToolsVersion = 8.3;
						ProvisioningStyle = Automatic;
						TestTargetID = B35884631E94C60F00458EC9;
					};
					B35884871E94C60F00458EC9 = {
						CreatedOnToolsVersion = 8.3;
						ProvisioningStyle = Automatic;
						TestTargetID = B35884631E94C60F00458EC9;
					};
				};
			};
			buildConfigurationList = B358845F1E94C60F00458EC9 /* Build configuration list for PBXProject "Trademark Tansport" */;
			compatibilityVersion = "Xcode 3.2";
			developmentRegion = English;
			hasScannedForEncodings = 0;
			knownRegions = (
				en,
				Base,
			);
			mainGroup = B358845B1E94C60F00458EC9;
			productRefGroup = B35884651E94C60F00458EC9 /* Products */;
			projectDirPath = "";
			projectRoot = "";
			targets = (
				B35884631E94C60F00458EC9 /* Trademark Tansport */,
				B358847C1E94C60F00458EC9 /* Trademark TansportTests */,
				B35884871E94C60F00458EC9 /* Trademark TansportUITests */,
			);
		};
/* End PBXProject section */

/* Begin PBXResourcesBuildPhase section */
		B35884621E94C60F00458EC9 /* Resources */ = {
			isa = PBXResourcesBuildPhase;
			buildActionMask = 2147483647;
			files = (
				B3E9F95E1E9C97CF00973F14 /* Delete.png in Resources */,
				B3E9F96E1E9CA3C700973F14 /* Roboto-Italic.ttf in Resources */,
				B3E9F9621E9C97CF00973F14 /* FavTab.png in Resources */,
				B3AC69501E97B0780091E68C /* Roboto-Medium.ttf in Resources */,
				B39919321E963E250030AC40 /* low.png in Resources */,
				B3DFCD2F1E9F335000A86BB3 /* CurrentDrive.png in Resources */,
				B3E9F9641E9C97CF00973F14 /* InboxTab.png in Resources */,
				B3E9F95F1E9C97CF00973F14 /* Favourite-Active.png in Resources */,
				B3DFCD321E9F335000A86BB3 /* NewRequest-Active.png in Resources */,
				B3F01BC21E9B5ADC00E70830 /* Camera.png in Resources */,
				B3DFCD2E1E9F335000A86BB3 /* CurrentDrive-Active.png in Resources */,
				B3E9F9601E9C97CF00973F14 /* Favourite.png in Resources */,
				B3AC693B1E9793000091E68C /* reload.png in Resources */,
				B3DFCD311E9F335000A86BB3 /* InProcess.png in Resources */,
				B3DFCD4B1E9F4E4400A86BB3 /* Roboto-Bold.ttf in Resources */,
				B3E9F96A1E9C9EE300973F14 /* magnifying-glass.png in Resources */,
				B3E9F9631E9C97CF00973F14 /* InboxTab-Active.png in Resources */,
				B3DFCD341E9F335000A86BB3 /* NoNewRequstGrpahic.png in Resources */,
				B3DFCD301E9F335000A86BB3 /* InProcess-Active.png in Resources */,
				B3DFCD331E9F335000A86BB3 /* NewRequest.png in Resources */,
				B3AC694F1E97B0780091E68C /* Roboto-Light.ttf in Resources */,
				B35884771E94C60F00458EC9 /* LaunchScreen.storyboard in Resources */,
				B35884741E94C60F00458EC9 /* Assets.xcassets in Resources */,
				B35884C51E94F02000458EC9 /* avatar-inside-a-circle.png in Resources */,
				B3F01BCD1E9BA6BD00E70830 /* IMG-user.jpg in Resources */,
				B3E9F9731E9CB36D00973F14 /* refresh.png in Resources */,
				B3E9F9751E9CB50700973F14 /* fav_icon.png in Resources */,
				B399192F1E963E250030AC40 /* bad.png in Resources */,
				B3DFCD351E9F335000A86BB3 /* TaskInProcess.png in Resources */,
				B3AC69521E97B0780091E68C /* Roboto-Thin.ttf in Resources */,
				B39919301E963E250030AC40 /* disable.png in Resources */,
				B35884C91E94F09600458EC9 /* search.png in Resources */,
				B3E9F95D1E9C97CF00973F14 /* CreateMessage.png in Resources */,
				B3E9F96C1E9C9F0900973F14 /* search (1).png in Resources */,
				B35884721E94C60F00458EC9 /* Main.storyboard in Resources */,
				B3E9F9681E9C9E3700973F14 /* SearchIcon.png in Resources */,
				B3F01BBF1E9B599000E70830 /* meter-car-speed.jpg in Resources */,
				B39919381E9645700030AC40 /* good.png in Resources */,
				B3E9F9651E9C97CF00973F14 /* TrashTab-Active.png in Resources */,
				B3E9F9661E9C97CF00973F14 /* TrashTab.png in Resources */,
				B3E9F9611E9C97CF00973F14 /* FavTab-Active.png in Resources */,
				B3DFCD2D1E9F335000A86BB3 /* AddPhoto.png in Resources */,
				B3F01BC41E9B617000E70830 /* Login-Backgrd.jpg in Resources */,
				B35884CE1E9504BD00458EC9 /* check-circular-button.png in Resources */,
				B3AC694E1E97B0780091E68C /* Roboto-Black.ttf in Resources */,
				B3AC69511E97B0780091E68C /* Roboto-Regular.ttf in Resources */,
				B35884C61E94F02000458EC9 /* bars.png in Resources */,
				B35884C71E94F02000458EC9 /* truck.jpg in Resources */,
			);
			runOnlyForDeploymentPostprocessing = 0;
		};
		B358847B1E94C60F00458EC9 /* Resources */ = {
			isa = PBXResourcesBuildPhase;
			buildActionMask = 2147483647;
			files = (
			);
			runOnlyForDeploymentPostprocessing = 0;
		};
		B35884861E94C60F00458EC9 /* Resources */ = {
			isa = PBXResourcesBuildPhase;
			buildActionMask = 2147483647;
			files = (
			);
			runOnlyForDeploymentPostprocessing = 0;
		};
/* End PBXResourcesBuildPhase section */

/* Begin PBXSourcesBuildPhase section */
		B35884601E94C60F00458EC9 /* Sources */ = {
			isa = PBXSourcesBuildPhase;
			buildActionMask = 2147483647;
			files = (
				B3DFCD401E9F386B00A86BB3 /* NewRequestTableViewCell.m in Sources */,
				B358846F1E94C60F00458EC9 /* ViewController.m in Sources */,
				B399193B1E9646A40030AC40 /* MenuRowTableViewCell.m in Sources */,
				B3DFCD491E9F3D3200A86BB3 /* CurrentDriveViewController.m in Sources */,
				B3F01BC81E9BA04200E70830 /* MyProfileViewController.m in Sources */,
				B3AC693E1E9794520091E68C /* HistoryTableViewCell.m in Sources */,
				B3DB5B5D1E95F14400D476F6 /* VehicleInspectionViewController.m in Sources */,
				B35884A21E94CEA100458EC9 /* MFSideMenuContainerViewController.m in Sources */,
				B35884BF1E94EEDB00458EC9 /* LoginFormViewController.m in Sources */,
				B3DFCD3C1E9F385300A86BB3 /* NewRequestListViewController.m in Sources */,
				B3AC69371E9775E00091E68C /* HistoryViewController.m in Sources */,
				B3E9F94E1E9C961500973F14 /* InboxTableViewCell.m in Sources */,
				B3F01BBD1E9B450C00E70830 /* MyTruckViewController.m in Sources */,
				B399192A1E9609D30030AC40 /* VehicleInspectionTableViewCell.m in Sources */,
				B35884CC1E94F4BC00458EC9 /* LoginFormTableViewCell.m in Sources */,
				B3DB5B591E95F0ED00D476F6 /* Header.m in Sources */,
				B39919361E9642A10030AC40 /* OperationViewController.m in Sources */,
				B35884A31E94CEA100458EC9 /* MFSideMenuShadow.m in Sources */,
				B3E9F9511E9C962200973F14 /* InboxViewController.m in Sources */,
				B35884A41E94CEA100458EC9 /* UIViewController+MFSideMenuAdditions.m in Sources */,
				B35884AA1E94CEB800458EC9 /* SideMenuViewController.m in Sources */,
				B3DFCD461E9F3D0A00A86BB3 /* InProcessViewController.m in Sources */,
				B35884B61E94E30500458EC9 /* LoginViewController.m in Sources */,
				B358846C1E94C60F00458EC9 /* AppDelegate.m in Sources */,
				B35884A91E94CEB800458EC9 /* DemoViewController.m in Sources */,
				B3F01BCB1E9BA1E300E70830 /* MyProfileTableViewCell.m in Sources */,
				B3DFCD431E9F3CEC00A86BB3 /* InProcessTableViewCell.m in Sources */,
				B35884691E94C60F00458EC9 /* main.m in Sources */,
			);
			runOnlyForDeploymentPostprocessing = 0;
		};
		B35884791E94C60F00458EC9 /* Sources */ = {
			isa = PBXSourcesBuildPhase;
			buildActionMask = 2147483647;
			files = (
				B35884821E94C60F00458EC9 /* Trademark_TansportTests.m in Sources */,
			);
			runOnlyForDeploymentPostprocessing = 0;
		};
		B35884841E94C60F00458EC9 /* Sources */ = {
			isa = PBXSourcesBuildPhase;
			buildActionMask = 2147483647;
			files = (
				B358848D1E94C60F00458EC9 /* Trademark_TansportUITests.m in Sources */,
			);
			runOnlyForDeploymentPostprocessing = 0;
		};
/* End PBXSourcesBuildPhase section */

/* Begin PBXTargetDependency section */
		B358847F1E94C60F00458EC9 /* PBXTargetDependency */ = {
			isa = PBXTargetDependency;
			target = B35884631E94C60F00458EC9 /* Trademark Tansport */;
			targetProxy = B358847E1E94C60F00458EC9 /* PBXContainerItemProxy */;
		};
		B358848A1E94C60F00458EC9 /* PBXTargetDependency */ = {
			isa = PBXTargetDependency;
			target = B35884631E94C60F00458EC9 /* Trademark Tansport */;
			targetProxy = B35884891E94C60F00458EC9 /* PBXContainerItemProxy */;
		};
/* End PBXTargetDependency section */

/* Begin PBXVariantGroup section */
		B35884701E94C60F00458EC9 /* Main.storyboard */ = {
			isa = PBXVariantGroup;
			children = (
				B35884711E94C60F00458EC9 /* Base */,
			);
			name = Main.storyboard;
			sourceTree = "<group>";
		};
		B35884751E94C60F00458EC9 /* LaunchScreen.storyboard */ = {
			isa = PBXVariantGroup;
			children = (
				B35884761E94C60F00458EC9 /* Base */,
			);
			name = LaunchScreen.storyboard;
			sourceTree = "<group>";
		};
/* End PBXVariantGroup section */

/* Begin XCBuildConfiguration section */
		B358848F1E94C60F00458EC9 /* Debug */ = {
			isa = XCBuildConfiguration;
			buildSettings = {
				ALWAYS_SEARCH_USER_PATHS = NO;
				CLANG_ANALYZER_NONNULL = YES;
				CLANG_ANALYZER_NUMBER_OBJECT_CONVERSION = YES_AGGRESSIVE;
				CLANG_CXX_LANGUAGE_STANDARD = "gnu++0x";
				CLANG_CXX_LIBRARY = "libc++";
				CLANG_ENABLE_MODULES = YES;
				CLANG_ENABLE_OBJC_ARC = YES;
				CLANG_WARN_BOOL_CONVERSION = YES;
				CLANG_WARN_CONSTANT_CONVERSION = YES;
				CLANG_WARN_DIRECT_OBJC_ISA_USAGE = YES_ERROR;
				CLANG_WARN_DOCUMENTATION_COMMENTS = YES;
				CLANG_WARN_EMPTY_BODY = YES;
				CLANG_WARN_ENUM_CONVERSION = YES;
				CLANG_WARN_INFINITE_RECURSION = YES;
				CLANG_WARN_INT_CONVERSION = YES;
				CLANG_WARN_OBJC_ROOT_CLASS = YES_ERROR;
				CLANG_WARN_SUSPICIOUS_MOVE = YES;
				CLANG_WARN_UNREACHABLE_CODE = YES;
				CLANG_WARN__DUPLICATE_METHOD_MATCH = YES;
				"CODE_SIGN_IDENTITY[sdk=iphoneos*]" = "iPhone Developer";
				COPY_PHASE_STRIP = NO;
				DEBUG_INFORMATION_FORMAT = dwarf;
				ENABLE_STRICT_OBJC_MSGSEND = YES;
				ENABLE_TESTABILITY = YES;
				GCC_C_LANGUAGE_STANDARD = gnu99;
				GCC_DYNAMIC_NO_PIC = NO;
				GCC_NO_COMMON_BLOCKS = YES;
				GCC_OPTIMIZATION_LEVEL = 0;
				GCC_PREPROCESSOR_DEFINITIONS = (
					"DEBUG=1",
					"$(inherited)",
				);
				GCC_WARN_64_TO_32_BIT_CONVERSION = YES;
				GCC_WARN_ABOUT_RETURN_TYPE = YES_ERROR;
				GCC_WARN_UNDECLARED_SELECTOR = YES;
				GCC_WARN_UNINITIALIZED_AUTOS = YES_AGGRESSIVE;
				GCC_WARN_UNUSED_FUNCTION = YES;
				GCC_WARN_UNUSED_VARIABLE = YES;
				IPHONEOS_DEPLOYMENT_TARGET = 10.3;
				MTL_ENABLE_DEBUG_INFO = YES;
				ONLY_ACTIVE_ARCH = YES;
				SDKROOT = iphoneos;
				TARGETED_DEVICE_FAMILY = "1,2";
			};
			name = Debug;
		};
		B35884901E94C60F00458EC9 /* Release */ = {
			isa = XCBuildConfiguration;
			buildSettings = {
				ALWAYS_SEARCH_USER_PATHS = NO;
				CLANG_ANALYZER_NONNULL = YES;
				CLANG_ANALYZER_NUMBER_OBJECT_CONVERSION = YES_AGGRESSIVE;
				CLANG_CXX_LANGUAGE_STANDARD = "gnu++0x";
				CLANG_CXX_LIBRARY = "libc++";
				CLANG_ENABLE_MODULES = YES;
				CLANG_ENABLE_OBJC_ARC = YES;
				CLANG_WARN_BOOL_CONVERSION = YES;
				CLANG_WARN_CONSTANT_CONVERSION = YES;
				CLANG_WARN_DIRECT_OBJC_ISA_USAGE = YES_ERROR;
				CLANG_WARN_DOCUMENTATION_COMMENTS = YES;
				CLANG_WARN_EMPTY_BODY = YES;
				CLANG_WARN_ENUM_CONVERSION = YES;
				CLANG_WARN_INFINITE_RECURSION = YES;
				CLANG_WARN_INT_CONVERSION = YES;
				CLANG_WARN_OBJC_ROOT_CLASS = YES_ERROR;
				CLANG_WARN_SUSPICIOUS_MOVE = YES;
				CLANG_WARN_UNREACHABLE_CODE = YES;
				CLANG_WARN__DUPLICATE_METHOD_MATCH = YES;
				"CODE_SIGN_IDENTITY[sdk=iphoneos*]" = "iPhone Developer";
				COPY_PHASE_STRIP = NO;
				DEBUG_INFORMATION_FORMAT = "dwarf-with-dsym";
				ENABLE_NS_ASSERTIONS = NO;
				ENABLE_STRICT_OBJC_MSGSEND = YES;
				GCC_C_LANGUAGE_STANDARD = gnu99;
				GCC_NO_COMMON_BLOCKS = YES;
				GCC_WARN_64_TO_32_BIT_CONVERSION = YES;
				GCC_WARN_ABOUT_RETURN_TYPE = YES_ERROR;
				GCC_WARN_UNDECLARED_SELECTOR = YES;
				GCC_WARN_UNINITIALIZED_AUTOS = YES_AGGRESSIVE;
				GCC_WARN_UNUSED_FUNCTION = YES;
				GCC_WARN_UNUSED_VARIABLE = YES;
				IPHONEOS_DEPLOYMENT_TARGET = 10.3;
				MTL_ENABLE_DEBUG_INFO = NO;
				SDKROOT = iphoneos;
				TARGETED_DEVICE_FAMILY = "1,2";
				VALIDATE_PRODUCT = YES;
			};
			name = Release;
		};
		B35884921E94C60F00458EC9 /* Debug */ = {
			isa = XCBuildConfiguration;
			buildSettings = {
				ASSETCATALOG_COMPILER_APPICON_NAME = AppIcon;
				INFOPLIST_FILE = "Trademark Tansport/Info.plist";
				IPHONEOS_DEPLOYMENT_TARGET = 8.2;
				LD_RUNPATH_SEARCH_PATHS = "$(inherited) @executable_path/Frameworks";
				PRODUCT_BUNDLE_IDENTIFIER = "Adcreators.Trademark-Tansport";
				PRODUCT_NAME = "$(TARGET_NAME)";
				TARGETED_DEVICE_FAMILY = 1;
			};
			name = Debug;
		};
		B35884931E94C60F00458EC9 /* Release */ = {
			isa = XCBuildConfiguration;
			buildSettings = {
				ASSETCATALOG_COMPILER_APPICON_NAME = AppIcon;
				INFOPLIST_FILE = "Trademark Tansport/Info.plist";
				IPHONEOS_DEPLOYMENT_TARGET = 8.2;
				LD_RUNPATH_SEARCH_PATHS = "$(inherited) @executable_path/Frameworks";
				PRODUCT_BUNDLE_IDENTIFIER = "Adcreators.Trademark-Tansport";
				PRODUCT_NAME = "$(TARGET_NAME)";
				TARGETED_DEVICE_FAMILY = 1;
			};
			name = Release;
		};
		B35884951E94C60F00458EC9 /* Debug */ = {
			isa = XCBuildConfiguration;
			buildSettings = {
				BUNDLE_LOADER = "$(TEST_HOST)";
				INFOPLIST_FILE = "Trademark TansportTests/Info.plist";
				LD_RUNPATH_SEARCH_PATHS = "$(inherited) @executable_path/Frameworks @loader_path/Frameworks";
				PRODUCT_BUNDLE_IDENTIFIER = "Adcreators.Trademark-TansportTests";
				PRODUCT_NAME = "$(TARGET_NAME)";
				TEST_HOST = "$(BUILT_PRODUCTS_DIR)/Trademark Tansport.app/Trademark Tansport";
			};
			name = Debug;
		};
		B35884961E94C60F00458EC9 /* Release */ = {
			isa = XCBuildConfiguration;
			buildSettings = {
				BUNDLE_LOADER = "$(TEST_HOST)";
				INFOPLIST_FILE = "Trademark TansportTests/Info.plist";
				LD_RUNPATH_SEARCH_PATHS = "$(inherited) @executable_path/Frameworks @loader_path/Frameworks";
				PRODUCT_BUNDLE_IDENTIFIER = "Adcreators.Trademark-TansportTests";
				PRODUCT_NAME = "$(TARGET_NAME)";
				TEST_HOST = "$(BUILT_PRODUCTS_DIR)/Trademark Tansport.app/Trademark Tansport";
			};
			name = Release;
		};
		B35884981E94C60F00458EC9 /* Debug */ = {
			isa = XCBuildConfiguration;
			buildSettings = {
				INFOPLIST_FILE = "Trademark TansportUITests/Info.plist";
				LD_RUNPATH_SEARCH_PATHS = "$(inherited) @executable_path/Frameworks @loader_path/Frameworks";
				PRODUCT_BUNDLE_IDENTIFIER = "Adcreators.Trademark-TansportUITests";
				PRODUCT_NAME = "$(TARGET_NAME)";
				TEST_TARGET_NAME = "Trademark Tansport";
			};
			name = Debug;
		};
		B35884991E94C60F00458EC9 /* Release */ = {
			isa = XCBuildConfiguration;
			buildSettings = {
				INFOPLIST_FILE = "Trademark TansportUITests/Info.plist";
				LD_RUNPATH_SEARCH_PATHS = "$(inherited) @executable_path/Frameworks @loader_path/Frameworks";
				PRODUCT_BUNDLE_IDENTIFIER = "Adcreators.Trademark-TansportUITests";
				PRODUCT_NAME = "$(TARGET_NAME)";
				TEST_TARGET_NAME = "Trademark Tansport";
			};
			name = Release;
		};
/* End XCBuildConfiguration section */

/* Begin XCConfigurationList section */
		B358845F1E94C60F00458EC9 /* Build configuration list for PBXProject "Trademark Tansport" */ = {
			isa = XCConfigurationList;
			buildConfigurations = (
				B358848F1E94C60F00458EC9 /* Debug */,
				B35884901E94C60F00458EC9 /* Release */,
			);
			defaultConfigurationIsVisible = 0;
			defaultConfigurationName = Release;
		};
		B35884911E94C60F00458EC9 /* Build configuration list for PBXNativeTarget "Trademark Tansport" */ = {
			isa = XCConfigurationList;
			buildConfigurations = (
				B35884921E94C60F00458EC9 /* Debug */,
				B35884931E94C60F00458EC9 /* Release */,
			);
			defaultConfigurationIsVisible = 0;
			defaultConfigurationName = Release;
		};
		B35884941E94C60F00458EC9 /* Build configuration list for PBXNativeTarget "Trademark TansportTests" */ = {
			isa = XCConfigurationList;
			buildConfigurations = (
				B35884951E94C60F00458EC9 /* Debug */,
				B35884961E94C60F00458EC9 /* Release */,
			);
			defaultConfigurationIsVisible = 0;
			defaultConfigurationName = Release;
		};
		B35884971E94C60F00458EC9 /* Build configuration list for PBXNativeTarget "Trademark TansportUITests" */ = {
			isa = XCConfigurationList;
			buildConfigurations = (
				B35884981E94C60F00458EC9 /* Debug */,
				B35884991E94C60F00458EC9 /* Release */,
			);
			defaultConfigurationIsVisible = 0;
			defaultConfigurationName = Release;
		};
/* End XCConfigurationList section */
	};
	rootObject = B358845C1E94C60F00458EC9 /* Project object */;
}
